
Microsoft Visual Studio Solution File, Format Version 11.00
# Visual Studio 2010
Project("{FAE04EC0-301F-11D3-BF4B-00C04F79EFBC}") = "Kinect", "Kinect\Kinect.csproj", "{0AF40023-1F22-4A4B-81A6-6A5A415D888C}"
EndProject
Global
	GlobalSection(SolutionConfigurationPlatforms) = preSolution
		Debug|x86 = Debug|x86
		Release|x86 = Release|x86
	EndGlobalSection
	GlobalSection(ProjectConfigurationPlatforms) = postSolution
		{0AF40023-1F22-4A4B-81A6-6A5A415D888C}.Debug|x86.ActiveCfg = Debug|x86
		{0AF40023-1F22-4A4B-81A6-6A5A415D888C}.Debug|x86.Build.0 = Debug|x86
		{0AF40023-1F22-4A4B-81A6-6A5A415D888C}.Release|x86.ActiveCfg = Release|x86
		{0AF40023-1F22-4A4B-81A6-6A5A415D888C}.Release|x86.Build.0 = Release|x86
	EndGlobalSection
	GlobalSection(SolutionProperties) = preSolution
		HideSolutionNode = FALSE
	EndGlobalSection
EndGlobal
